
Microsoft Visual Studio Solution File, Format Version 12.00
# Visual Studio Version 16
VisualStudioVersion = 16.0.30523.141
MinimumVisualStudioVersion = 10.0.40219.1
Project("{FAE04EC0-301F-11D3-BF4B-00C04F79EFBC}") = "Motok_Andreea_Lab6", "Motok_Andreea_Lab6.csproj", "{ED857393-7703-4F47-B809-E0DE6856036A}"
EndProject
Global
	GlobalSection(SolutionConfigurationPlatforms) = preSolution
		Debug|Any CPU = Debug|Any CPU
		Release|Any CPU = Release|Any CPU
	EndGlobalSection
	GlobalSection(ProjectConfigurationPlatforms) = postSolution
		{ED857393-7703-4F47-B809-E0DE6856036A}.Debug|Any CPU.ActiveCfg = Debug|Any CPU
		{ED857393-7703-4F47-B809-E0DE6856036A}.Debug|Any CPU.Build.0 = Debug|Any CPU
		{ED857393-7703-4F47-B809-E0DE6856036A}.Release|Any CPU.ActiveCfg = Release|Any CPU
		{ED857393-7703-4F47-B809-E0DE6856036A}.Release|Any CPU.Build.0 = Release|Any CPU
	EndGlobalSection
	GlobalSection(SolutionProperties) = preSolution
		HideSolutionNode = FALSE
	EndGlobalSection
	GlobalSection(ExtensibilityGlobals) = postSolution
		SolutionGuid = {B6A4FE92-4C4E-4F3F-A770-D02729733DC6}
	EndGlobalSection
EndGlobal
